
Microsoft Visual Studio Solution File, Format Version 12.00
# Visual Studio Version 17
VisualStudioVersion = 17.4.33103.184
MinimumVisualStudioVersion = 10.0.40219.1
Project("{9A19103F-16F7-4668-BE54-9A1E7A4F7556}") = "TestEF7", "TestEF7\TestEF7.csproj", "{E37E2ADA-B7F2-4DCF-9628-9538CDD7F804}"
EndProject
Project("{9A19103F-16F7-4668-BE54-9A1E7A4F7556}") = "WebApplication2", "WebApplication2\WebApplication2.csproj", "{936E26F7-D4E1-4DDB-819C-749DF6088C95}"
EndProject
Global
	GlobalSection(SolutionConfigurationPlatforms) = preSolution
		Debug|Any CPU = Debug|Any CPU
		Release|Any CPU = Release|Any CPU
	EndGlobalSection
	GlobalSection(ProjectConfigurationPlatforms) = postSolution
		{E37E2ADA-B7F2-4DCF-9628-9538CDD7F804}.Debug|Any CPU.ActiveCfg = Debug|Any CPU
		{E37E2ADA-B7F2-4DCF-9628-9538CDD7F804}.Debug|Any CPU.Build.0 = Debug|Any CPU
		{E37E2ADA-B7F2-4DCF-9628-9538CDD7F804}.Release|Any CPU.ActiveCfg = Release|Any CPU
		{E37E2ADA-B7F2-4DCF-9628-9538CDD7F804}.Release|Any CPU.Build.0 = Release|Any CPU
		{936E26F7-D4E1-4DDB-819C-749DF6088C95}.Debug|Any CPU.ActiveCfg = Debug|Any CPU
		{936E26F7-D4E1-4DDB-819C-749DF6088C95}.Debug|Any CPU.Build.0 = Debug|Any CPU
		{936E26F7-D4E1-4DDB-819C-749DF6088C95}.Release|Any CPU.ActiveCfg = Release|Any CPU
		{936E26F7-D4E1-4DDB-819C-749DF6088C95}.Release|Any CPU.Build.0 = Release|Any CPU
	EndGlobalSection
	GlobalSection(SolutionProperties) = preSolution
		HideSolutionNode = FALSE
	EndGlobalSection
	GlobalSection(ExtensibilityGlobals) = postSolution
		SolutionGuid = {A2EBCEB1-7A69-404A-8F73-9E48D75AE4AF}
	EndGlobalSection
EndGlobal
